
Microsoft Visual Studio Solution File, Format Version 12.00
# Visual Studio Version 16
VisualStudioVersion = 16.0.29905.134
MinimumVisualStudioVersion = 10.0.40219.1
Project("{FAE04EC0-301F-11D3-BF4B-00C04F79EFBC}") = "Nai3", "Nai3\Nai3.csproj", "{6EF44247-F266-4F27-8C42-8C426561B1FF}"
EndProject
Global
	GlobalSection(SolutionConfigurationPlatforms) = preSolution
		Debug|Any CPU = Debug|Any CPU
		Release|Any CPU = Release|Any CPU
	EndGlobalSection
	GlobalSection(ProjectConfigurationPlatforms) = postSolution
		{6EF44247-F266-4F27-8C42-8C426561B1FF}.Debug|Any CPU.ActiveCfg = Debug|Any CPU
		{6EF44247-F266-4F27-8C42-8C426561B1FF}.Debug|Any CPU.Build.0 = Debug|Any CPU
		{6EF44247-F266-4F27-8C42-8C426561B1FF}.Release|Any CPU.ActiveCfg = Release|Any CPU
		{6EF44247-F266-4F27-8C42-8C426561B1FF}.Release|Any CPU.Build.0 = Release|Any CPU
	EndGlobalSection
	GlobalSection(SolutionProperties) = preSolution
		HideSolutionNode = FALSE
	EndGlobalSection
	GlobalSection(ExtensibilityGlobals) = postSolution
		SolutionGuid = {8AAB5BBB-1DED-4A62-9B0B-72260E6F39DA}
	EndGlobalSection
EndGlobal
